
Microsoft Visual Studio Solution File, Format Version 12.00
# Visual Studio 15
VisualStudioVersion = 15.0.26124.0
MinimumVisualStudioVersion = 15.0.26124.0
Project("{FAE04EC0-301F-11D3-BF4B-00C04F79EFBC}") = "Domain", "Domain\Domain.csproj", "{B0048EFF-5758-4801-8351-0C73AE220CAB}"
EndProject
Project("{FAE04EC0-301F-11D3-BF4B-00C04F79EFBC}") = "API", "API\API.csproj", "{64406523-D40A-4C4A-B86B-EF7729E83DED}"
EndProject
Project("{FAE04EC0-301F-11D3-BF4B-00C04F79EFBC}") = "Persistence", "Persistence\Persistence.csproj", "{9B08059E-EE6E-4D4D-ABDE-6B100F7176D9}"
EndProject
Project("{FAE04EC0-301F-11D3-BF4B-00C04F79EFBC}") = "Application", "Application\Application.csproj", "{1F902F45-6F85-48E0-B1D4-47A1D5037988}"
EndProject
Global
	GlobalSection(SolutionConfigurationPlatforms) = preSolution
		Debug|Any CPU = Debug|Any CPU
		Debug|x64 = Debug|x64
		Debug|x86 = Debug|x86
		Release|Any CPU = Release|Any CPU
		Release|x64 = Release|x64
		Release|x86 = Release|x86
	EndGlobalSection
	GlobalSection(SolutionProperties) = preSolution
		HideSolutionNode = FALSE
	EndGlobalSection
	GlobalSection(ProjectConfigurationPlatforms) = postSolution
		{B0048EFF-5758-4801-8351-0C73AE220CAB}.Debug|Any CPU.ActiveCfg = Debug|Any CPU
		{B0048EFF-5758-4801-8351-0C73AE220CAB}.Debug|Any CPU.Build.0 = Debug|Any CPU
		{B0048EFF-5758-4801-8351-0C73AE220CAB}.Debug|x64.ActiveCfg = Debug|Any CPU
		{B0048EFF-5758-4801-8351-0C73AE220CAB}.Debug|x64.Build.0 = Debug|Any CPU
		{B0048EFF-5758-4801-8351-0C73AE220CAB}.Debug|x86.ActiveCfg = Debug|Any CPU
		{B0048EFF-5758-4801-8351-0C73AE220CAB}.Debug|x86.Build.0 = Debug|Any CPU
		{B0048EFF-5758-4801-8351-0C73AE220CAB}.Release|Any CPU.ActiveCfg = Release|Any CPU
		{B0048EFF-5758-4801-8351-0C73AE220CAB}.Release|Any CPU.Build.0 = Release|Any CPU
		{B0048EFF-5758-4801-8351-0C73AE220CAB}.Release|x64.ActiveCfg = Release|Any CPU
		{B0048EFF-5758-4801-8351-0C73AE220CAB}.Release|x64.Build.0 = Release|Any CPU
		{B0048EFF-5758-4801-8351-0C73AE220CAB}.Release|x86.ActiveCfg = Release|Any CPU
		{B0048EFF-5758-4801-8351-0C73AE220CAB}.Release|x86.Build.0 = Release|Any CPU
		{64406523-D40A-4C4A-B86B-EF7729E83DED}.Debug|Any CPU.ActiveCfg = Debug|Any CPU
		{64406523-D40A-4C4A-B86B-EF7729E83DED}.Debug|Any CPU.Build.0 = Debug|Any CPU
		{64406523-D40A-4C4A-B86B-EF7729E83DED}.Debug|x64.ActiveCfg = Debug|Any CPU
		{64406523-D40A-4C4A-B86B-EF7729E83DED}.Debug|x64.Build.0 = Debug|Any CPU
		{64406523-D40A-4C4A-B86B-EF7729E83DED}.Debug|x86.ActiveCfg = Debug|Any CPU
		{64406523-D40A-4C4A-B86B-EF7729E83DED}.Debug|x86.Build.0 = Debug|Any CPU
		{64406523-D40A-4C4A-B86B-EF7729E83DED}.Release|Any CPU.ActiveCfg = Release|Any CPU
		{64406523-D40A-4C4A-B86B-EF7729E83DED}.Release|Any CPU.Build.0 = Release|Any CPU
		{64406523-D40A-4C4A-B86B-EF7729E83DED}.Release|x64.ActiveCfg = Release|Any CPU
		{64406523-D40A-4C4A-B86B-EF7729E83DED}.Release|x64.Build.0 = Release|Any CPU
		{64406523-D40A-4C4A-B86B-EF7729E83DED}.Release|x86.ActiveCfg = Release|Any CPU
		{64406523-D40A-4C4A-B86B-EF7729E83DED}.Release|x86.Build.0 = Release|Any CPU
		{9B08059E-EE6E-4D4D-ABDE-6B100F7176D9}.Debug|Any CPU.ActiveCfg = Debug|Any CPU
		{9B08059E-EE6E-4D4D-ABDE-6B100F7176D9}.Debug|Any CPU.Build.0 = Debug|Any CPU
		{9B08059E-EE6E-4D4D-ABDE-6B100F7176D9}.Debug|x64.ActiveCfg = Debug|Any CPU
		{9B08059E-EE6E-4D4D-ABDE-6B100F7176D9}.Debug|x64.Build.0 = Debug|Any CPU
		{9B08059E-EE6E-4D4D-ABDE-6B100F7176D9}.Debug|x86.ActiveCfg = Debug|Any CPU
		{9B08059E-EE6E-4D4D-ABDE-6B100F7176D9}.Debug|x86.Build.0 = Debug|Any CPU
		{9B08059E-EE6E-4D4D-ABDE-6B100F7176D9}.Release|Any CPU.ActiveCfg = Release|Any CPU
		{9B08059E-EE6E-4D4D-ABDE-6B100F7176D9}.Release|Any CPU.Build.0 = Release|Any CPU
		{9B08059E-EE6E-4D4D-ABDE-6B100F7176D9}.Release|x64.ActiveCfg = Release|Any CPU
		{9B08059E-EE6E-4D4D-ABDE-6B100F7176D9}.Release|x64.Build.0 = Release|Any CPU
		{9B08059E-EE6E-4D4D-ABDE-6B100F7176D9}.Release|x86.ActiveCfg = Release|Any CPU
		{9B08059E-EE6E-4D4D-ABDE-6B100F7176D9}.Release|x86.Build.0 = Release|Any CPU
		{1F902F45-6F85-48E0-B1D4-47A1D5037988}.Debug|Any CPU.ActiveCfg = Debug|Any CPU
		{1F902F45-6F85-48E0-B1D4-47A1D5037988}.Debug|Any CPU.Build.0 = Debug|Any CPU
		{1F902F45-6F85-48E0-B1D4-47A1D5037988}.Debug|x64.ActiveCfg = Debug|Any CPU
		{1F902F45-6F85-48E0-B1D4-47A1D5037988}.Debug|x64.Build.0 = Debug|Any CPU
		{1F902F45-6F85-48E0-B1D4-47A1D5037988}.Debug|x86.ActiveCfg = Debug|Any CPU
		{1F902F45-6F85-48E0-B1D4-47A1D5037988}.Debug|x86.Build.0 = Debug|Any CPU
		{1F902F45-6F85-48E0-B1D4-47A1D5037988}.Release|Any CPU.ActiveCfg = Release|Any CPU
		{1F902F45-6F85-48E0-B1D4-47A1D5037988}.Release|Any CPU.Build.0 = Release|Any CPU
		{1F902F45-6F85-48E0-B1D4-47A1D5037988}.Release|x64.ActiveCfg = Release|Any CPU
		{1F902F45-6F85-48E0-B1D4-47A1D5037988}.Release|x64.Build.0 = Release|Any CPU
		{1F902F45-6F85-48E0-B1D4-47A1D5037988}.Release|x86.ActiveCfg = Release|Any CPU
		{1F902F45-6F85-48E0-B1D4-47A1D5037988}.Release|x86.Build.0 = Release|Any CPU
	EndGlobalSection
EndGlobal
